{
  "R": {
    "Version": "4.1.2",
    "Repositories": [
      {
        "Name": "CRAN",
        "URL": "https://packagemanager.posit.co/cran/latest"
      }
    ]
  },
  "Packages": {
    "R6": {
      "Package": "R6",
      "Version": "2.5.1",
      "Source": "Repository",
      "Repository": "RSPM",
      "Requirements": [
        "R"
      ],
      "Hash": "470851b6d5d0ac559e9d01bb352b4021"
    },
    "Rcpp": {
      "Package": "Rcpp",
      "Version": "1.0.10",
      "Source": "Repository",
      "Repository": "RSPM",
      "Requirements": [
        "methods",
        "utils"
      ],
      "Hash": "e749cae40fa9ef469b6050959517453c"
    },
    "backports": {
      "Package": "backports",
      "Version": "1.4.1",
      "Source": "Repository",
      "Repository": "RSPM",
      "Requirements": [
        "R"
      ],
      "Hash": "c39fbec8a30d23e721980b8afb31984c"
    },
    "base64enc": {
      "Package": "base64enc",
      "Version": "0.1-3",
      "Source": "Repository",
      "Repository": "RSPM",
      "Requirements": [
        "R"
      ],
      "Hash": "543776ae6848fde2f48ff3816d0628bc"
    },
    "base64url": {
      "Package": "base64url",
      "Version": "1.4",
      "Source": "Repository",
      "Repository": "RSPM",
      "Requirements": [
        "backports"
      ],
      "Hash": "0c54cf3a08cc0e550fbd64ad33166143"
    },
    "batchtools": {
      "Package": "batchtools",
      "Version": "0.9.17",
      "Source": "Repository",
      "Repository": "RSPM",
      "Requirements": [
        "R",
        "R6",
        "backports",
        "base64url",
        "brew",
        "checkmate",
        "data.table",
        "digest",
        "fs",
        "parallel",
        "progress",
        "rappdirs",
        "stats",
        "stringi",
        "utils",
        "withr"
      ],
      "Hash": "c21ca34590a8dd80fccec5bf1b2d26d7"
    },
    "brew": {
      "Package": "brew",
      "Version": "1.0-8",
      "Source": "Repository",
      "Repository": "RSPM",
      "Hash": "d69a786e85775b126bddbee185ae6084"
    },
    "bslib": {
      "Package": "bslib",
      "Version": "0.5.0",
      "Source": "Repository",
      "Repository": "RSPM",
      "Requirements": [
        "R",
        "base64enc",
        "cachem",
        "grDevices",
        "htmltools",
        "jquerylib",
        "jsonlite",
        "memoise",
        "mime",
        "rlang",
        "sass"
      ],
      "Hash": "1b117970533deb6d4e992c1b34e9d905"
    },
    "cachem": {
      "Package": "cachem",
      "Version": "1.0.8",
      "Source": "Repository",
      "Repository": "RSPM",
      "Requirements": [
        "fastmap",
        "rlang"
      ],
      "Hash": "c35768291560ce302c0a6589f92e837d"
    },
    "checkmate": {
      "Package": "checkmate",
      "Version": "2.2.0",
      "Source": "Repository",
      "Repository": "RSPM",
      "Requirements": [
        "R",
        "backports",
        "utils"
      ],
      "Hash": "ca9c113196136f4a9ca9ce6079c2c99e"
    },
    "cli": {
      "Package": "cli",
      "Version": "3.6.1",
      "Source": "Repository",
      "Repository": "RSPM",
      "Requirements": [
        "R",
        "utils"
      ],
      "Hash": "89e6d8219950eac806ae0c489052048a"
    },
    "clustermq": {
      "Package": "clustermq",
      "Version": "0.8.95.5",
      "Source": "Repository",
      "Repository": "RSPM",
      "Requirements": [
        "R",
        "R6",
        "Rcpp",
        "methods",
        "narray",
        "progress",
        "purrr",
        "utils"
      ],
      "Hash": "b2a10ed0f27e60aeaaf566c15ada5879"
    },
    "codetools": {
      "Package": "codetools",
      "Version": "0.2-19",
      "Source": "Repository",
      "Repository": "RSPM",
      "Requirements": [
        "R"
      ],
      "Hash": "c089a619a7fae175d149d89164f8c7d8"
    },
    "crayon": {
      "Package": "crayon",
      "Version": "1.5.2",
      "Source": "Repository",
      "Repository": "RSPM",
      "Requirements": [
        "grDevices",
        "methods",
        "utils"
      ],
      "Hash": "e8a1e41acf02548751f45c718d55aa6a"
    },
    "data.table": {
      "Package": "data.table",
      "Version": "1.14.8",
      "Source": "Repository",
      "Repository": "RSPM",
      "Requirements": [
        "R",
        "methods"
      ],
      "Hash": "b4c06e554f33344e044ccd7fdca750a9"
    },
    "digest": {
      "Package": "digest",
      "Version": "0.6.31",
      "Source": "Repository",
      "Repository": "RSPM",
      "Requirements": [
        "R",
        "utils"
      ],
      "Hash": "8b708f296afd9ae69f450f9640be8990"
    },
    "doFuture": {
      "Package": "doFuture",
      "Version": "1.0.0",
      "Source": "Repository",
      "Repository": "RSPM",
      "Requirements": [
        "foreach",
        "future",
        "future.apply",
        "globals",
        "iterators",
        "parallel",
        "utils"
      ],
      "Hash": "63814885cac13142d0af0bbb629d6521"
    },
    "doRNG": {
      "Package": "doRNG",
      "Version": "1.8.6",
      "Source": "Repository",
      "Repository": "RSPM",
      "Requirements": [
        "R",
        "foreach",
        "iterators",
        "rngtools",
        "stats",
        "utils"
      ],
      "Hash": "e207fea8a4991e49c7244001746e3232"
    },
    "ellipsis": {
      "Package": "ellipsis",
      "Version": "0.3.2",
      "Source": "Repository",
      "Repository": "RSPM",
      "Requirements": [
        "R",
        "rlang"
      ],
      "Hash": "bb0eec2fe32e88d9e2836c2f73ea2077"
    },
    "evaluate": {
      "Package": "evaluate",
      "Version": "0.21",
      "Source": "Repository",
      "Repository": "RSPM",
      "Requirements": [
        "R",
        "methods"
      ],
      "Hash": "d59f3b464e8da1aef82dc04b588b8dfb"
    },
    "fastmap": {
      "Package": "fastmap",
      "Version": "1.1.1",
      "Source": "Repository",
      "Repository": "RSPM",
      "Hash": "f7736a18de97dea803bde0a2daaafb27"
    },
    "fontawesome": {
      "Package": "fontawesome",
      "Version": "0.5.1",
      "Source": "Repository",
      "Repository": "RSPM",
      "Requirements": [
        "R",
        "htmltools",
        "rlang"
      ],
      "Hash": "1e22b8cabbad1eae951a75e9f8b52378"
    },
    "foreach": {
      "Package": "foreach",
      "Version": "1.5.2",
      "Source": "Repository",
      "Repository": "RSPM",
      "Requirements": [
        "R",
        "codetools",
        "iterators",
        "utils"
      ],
      "Hash": "618609b42c9406731ead03adf5379850"
    },
    "fs": {
      "Package": "fs",
      "Version": "1.6.2",
      "Source": "Repository",
      "Repository": "RSPM",
      "Requirements": [
        "R",
        "methods"
      ],
      "Hash": "94af08e0aa9675a16fadbb3aaaa90d2a"
    },
    "future": {
      "Package": "future",
      "Version": "1.32.0",
      "Source": "Repository",
      "Repository": "RSPM",
      "Requirements": [
        "digest",
        "globals",
        "listenv",
        "parallel",
        "parallelly",
        "utils"
      ],
      "Hash": "c68517cf2f78be4ea86e140b8598a4ca"
    },
    "future.apply": {
      "Package": "future.apply",
      "Version": "1.11.0",
      "Source": "Repository",
      "Repository": "RSPM",
      "Requirements": [
        "R",
        "future",
        "globals",
        "parallel",
        "utils"
      ],
      "Hash": "ba4be138fe47eac3e16a6deaa4da106e"
    },
    "future.batchtools": {
      "Package": "future.batchtools",
      "Version": "0.12.0",
      "Source": "Repository",
      "Repository": "RSPM",
      "Requirements": [
        "R",
        "batchtools",
        "future",
        "parallelly",
        "utils"
      ],
      "Hash": "ca05a29f15b3102e0832c776ae0a0e7a"
    },
    "globals": {
      "Package": "globals",
      "Version": "0.16.2",
      "Source": "Repository",
      "Repository": "RSPM",
      "Requirements": [
        "R",
        "codetools"
      ],
      "Hash": "baa9585ab4ce47a9f4618e671778cc6f"
    },
    "glue": {
      "Package": "glue",
      "Version": "1.6.2",
      "Source": "Repository",
      "Repository": "RSPM",
      "Requirements": [
        "R",
        "methods"
      ],
      "Hash": "4f2596dfb05dac67b9dc558e5c6fba2e"
    },
    "highr": {
      "Package": "highr",
      "Version": "0.10",
      "Source": "Repository",
      "Repository": "RSPM",
      "Requirements": [
        "R",
        "xfun"
      ],
      "Hash": "06230136b2d2b9ba5805e1963fa6e890"
    },
    "hms": {
      "Package": "hms",
      "Version": "1.1.3",
      "Source": "Repository",
      "Repository": "RSPM",
      "Requirements": [
        "lifecycle",
        "methods",
        "pkgconfig",
        "rlang",
        "vctrs"
      ],
      "Hash": "b59377caa7ed00fa41808342002138f9"
    },
    "htmltools": {
      "Package": "htmltools",
      "Version": "0.5.5",
      "Source": "Repository",
      "Repository": "RSPM",
      "Requirements": [
        "R",
        "base64enc",
        "digest",
        "ellipsis",
        "fastmap",
        "grDevices",
        "rlang",
        "utils"
      ],
      "Hash": "ba0240784ad50a62165058a27459304a"
    },
    "iterators": {
      "Package": "iterators",
      "Version": "1.0.14",
      "Source": "Repository",
      "Repository": "RSPM",
      "Requirements": [
        "R",
        "utils"
      ],
      "Hash": "8954069286b4b2b0d023d1b288dce978"
    },
    "jquerylib": {
      "Package": "jquerylib",
      "Version": "0.1.4",
      "Source": "Repository",
      "Repository": "RSPM",
      "Requirements": [
        "htmltools"
      ],
      "Hash": "5aab57a3bd297eee1c1d862735972182"
    },
    "jsonlite": {
      "Package": "jsonlite",
      "Version": "1.8.5",
      "Source": "Repository",
      "Repository": "RSPM",
      "Requirements": [
        "methods"
      ],
      "Hash": "3ee4d9899e4db3e976fc82b98d24a31a"
    },
    "knitr": {
      "Package": "knitr",
      "Version": "1.43",
      "Source": "Repository",
      "Repository": "RSPM",
      "Requirements": [
        "R",
        "evaluate",
        "highr",
        "methods",
        "tools",
        "xfun",
        "yaml"
      ],
      "Hash": "9775eb076713f627c07ce41d8199d8f6"
    },
    "lifecycle": {
      "Package": "lifecycle",
      "Version": "1.0.3",
      "Source": "Repository",
      "Repository": "RSPM",
      "Requirements": [
        "R",
        "cli",
        "glue",
        "rlang"
      ],
      "Hash": "001cecbeac1cff9301bdc3775ee46a86"
    },
    "listenv": {
      "Package": "listenv",
      "Version": "0.9.0",
      "Source": "Repository",
      "Repository": "RSPM",
      "Requirements": [
        "R"
      ],
      "Hash": "4fbd3679ec8ee169ba28d4b1ea7d0e8f"
    },
    "magrittr": {
      "Package": "magrittr",
      "Version": "2.0.3",
      "Source": "Repository",
      "Repository": "RSPM",
      "Requirements": [
        "R"
      ],
      "Hash": "7ce2733a9826b3aeb1775d56fd305472"
    },
    "memoise": {
      "Package": "memoise",
      "Version": "2.0.1",
      "Source": "Repository",
      "Repository": "RSPM",
      "Requirements": [
        "cachem",
        "rlang"
      ],
      "Hash": "e2817ccf4a065c5d9d7f2cfbe7c1d78c"
    },
    "microbenchmark": {
      "Package": "microbenchmark",
      "Version": "1.4.10",
      "Source": "Repository",
      "Repository": "RSPM",
      "Requirements": [
        "graphics",
        "stats"
      ],
      "Hash": "db81b552e393ed092872cf7023469bc2"
    },
    "mime": {
      "Package": "mime",
      "Version": "0.12",
      "Source": "Repository",
      "Repository": "RSPM",
      "Requirements": [
        "tools"
      ],
      "Hash": "18e9c28c1d3ca1560ce30658b22ce104"
    },
    "narray": {
      "Package": "narray",
      "Version": "0.5.1",
      "Source": "Repository",
      "Repository": "RSPM",
      "Requirements": [
        "R",
        "Rcpp",
        "progress",
        "stats",
        "stringr",
        "utils"
      ],
      "Hash": "7ec5a2396d3c9ad4374495283dfcdc83"
    },
    "palmerpenguins": {
      "Package": "palmerpenguins",
      "Version": "0.1.1",
      "Source": "Repository",
      "Repository": "RSPM",
      "Requirements": [
        "R"
      ],
      "Hash": "6c6861efbc13c1d543749e9c7be4a592"
    },
    "parallelly": {
      "Package": "parallelly",
      "Version": "1.36.0",
      "Source": "Repository",
      "Repository": "RSPM",
      "Requirements": [
        "parallel",
        "tools",
        "utils"
      ],
      "Hash": "bca377e1c87ec89ebed77bba00635b2e"
    },
    "pkgconfig": {
      "Package": "pkgconfig",
      "Version": "2.0.3",
      "Source": "Repository",
      "Repository": "RSPM",
      "Requirements": [
        "utils"
      ],
      "Hash": "01f28d4278f15c76cddbea05899c5d6f"
    },
    "prettyunits": {
      "Package": "prettyunits",
      "Version": "1.1.1",
      "Source": "Repository",
      "Repository": "RSPM",
      "Hash": "95ef9167b75dde9d2ccc3c7528393e7e"
    },
    "progress": {
      "Package": "progress",
      "Version": "1.2.2",
      "Source": "Repository",
      "Repository": "RSPM",
      "Requirements": [
        "R6",
        "crayon",
        "hms",
        "prettyunits"
      ],
      "Hash": "14dc9f7a3c91ebb14ec5bb9208a07061"
    },
    "purrr": {
      "Package": "purrr",
      "Version": "1.0.1",
      "Source": "Repository",
      "Repository": "RSPM",
      "Requirements": [
        "R",
        "cli",
        "lifecycle",
        "magrittr",
        "rlang",
        "vctrs"
      ],
      "Hash": "d71c815267c640f17ddbf7f16144b4bb"
    },
    "rappdirs": {
      "Package": "rappdirs",
      "Version": "0.3.3",
      "Source": "Repository",
      "Repository": "RSPM",
      "Requirements": [
        "R"
      ],
      "Hash": "5e3c5dc0b071b21fa128676560dbe94d"
    },
    "renv": {
      "Package": "renv",
      "Version": "0.17.3",
      "Source": "Repository",
      "Repository": "CRAN",
      "Requirements": [
        "utils"
      ],
      "Hash": "4543b8cd233ae25c6aba8548be9e747e"
    },
    "rlang": {
      "Package": "rlang",
      "Version": "1.1.1",
      "Source": "Repository",
      "Repository": "RSPM",
      "Requirements": [
        "R",
        "utils"
      ],
      "Hash": "a85c767b55f0bf9b7ad16c6d7baee5bb"
    },
    "rmarkdown": {
      "Package": "rmarkdown",
      "Version": "2.22",
      "Source": "Repository",
      "Repository": "RSPM",
      "Requirements": [
        "R",
        "bslib",
        "evaluate",
        "fontawesome",
        "htmltools",
        "jquerylib",
        "jsonlite",
        "knitr",
        "methods",
        "stringr",
        "tinytex",
        "tools",
        "utils",
        "xfun",
        "yaml"
      ],
      "Hash": "75a01be060d800ceb14e32c666cacac9"
    },
    "rngtools": {
      "Package": "rngtools",
      "Version": "1.5.2",
      "Source": "Repository",
      "Repository": "RSPM",
      "Requirements": [
        "R",
        "digest",
        "methods",
        "parallel",
        "stats",
        "utils"
      ],
      "Hash": "367a915f939520767660671efa0e32bd"
    },
    "sass": {
      "Package": "sass",
      "Version": "0.4.6",
      "Source": "Repository",
      "Repository": "RSPM",
      "Requirements": [
        "R6",
        "fs",
        "htmltools",
        "rappdirs",
        "rlang"
      ],
      "Hash": "cc3ec7dd33982ef56570229b62d6388e"
    },
    "stringi": {
      "Package": "stringi",
      "Version": "1.7.12",
      "Source": "Repository",
      "Repository": "RSPM",
      "Requirements": [
        "R",
        "stats",
        "tools",
        "utils"
      ],
      "Hash": "ca8bd84263c77310739d2cf64d84d7c9"
    },
    "stringr": {
      "Package": "stringr",
      "Version": "1.5.0",
      "Source": "Repository",
      "Repository": "RSPM",
      "Requirements": [
        "R",
        "cli",
        "glue",
        "lifecycle",
        "magrittr",
        "rlang",
        "stringi",
        "vctrs"
      ],
      "Hash": "671a4d384ae9d32fc47a14e98bfa3dc8"
    },
    "tinytex": {
      "Package": "tinytex",
      "Version": "0.45",
      "Source": "Repository",
      "Repository": "RSPM",
      "Requirements": [
        "xfun"
      ],
      "Hash": "e4e357f28c2edff493936b6cb30c3d65"
    },
    "vctrs": {
      "Package": "vctrs",
      "Version": "0.6.3",
      "Source": "Repository",
      "Repository": "RSPM",
      "Requirements": [
        "R",
        "cli",
        "glue",
        "lifecycle",
        "rlang"
      ],
      "Hash": "d0ef2856b83dc33ea6e255caf6229ee2"
    },
    "withr": {
      "Package": "withr",
      "Version": "2.5.0",
      "Source": "Repository",
      "Repository": "RSPM",
      "Requirements": [
        "R",
        "grDevices",
        "graphics",
        "stats"
      ],
      "Hash": "c0e49a9760983e81e55cdd9be92e7182"
    },
    "xfun": {
      "Package": "xfun",
      "Version": "0.39",
      "Source": "Repository",
      "Repository": "RSPM",
      "Requirements": [
        "stats",
        "tools"
      ],
      "Hash": "8f56e9acb54fb525e66464d57ab58bcb"
    },
    "yaml": {
      "Package": "yaml",
      "Version": "2.3.7",
      "Source": "Repository",
      "Repository": "RSPM",
      "Hash": "0d0056cc5383fbc240ccd0cb584bf436"
    }
  }
}
